Microsoft Visual Studio Solution File, Format Version 12.00
# Visual Studio Version 17
VisualStudioVersion = 17.10.35122.118
MinimumVisualStudioVersion = 10.0.40219.1
Project("{2150E333-8FDC-42A3-9474-1A3956D46DE8}") = "Solution Items", "Solution Items", "{145CDFD6-5B0A-4995-BC94-5E7D4B8D4EBE}"
	ProjectSection(SolutionItems) = preProject
		.dockerignore = .dockerignore
		architecture.png = architecture.png
		src\docker-compose.override.yml = src\docker-compose.override.yml
		src\docker-compose.yml = src\docker-compose.yml
		global.json = global.json
		README.md = README.md
	EndProjectSection
EndProject
Project("{2150E333-8FDC-42A3-9474-1A3956D46DE8}") = "src", "src", "{0A6F3E27-90C9-412C-836D-6E60B63AAE6C}"
	ProjectSection(SolutionItems) = preProject
		src\docker-compose.override.yml = src\docker-compose.override.yml
		src\docker-compose.yml = src\docker-compose.yml
	EndProjectSection
EndProject
Project("{2150E333-8FDC-42A3-9474-1A3956D46DE8}") = "tests", "tests", "{16241339-9DFC-40CE-BCB6-2851690F383B}"
EndProject
Project("{2150E333-8FDC-42A3-9474-1A3956D46DE8}") = "ApiGateways", "ApiGateways", "{48F1DCAF-BDC0-4471-B12B-6AA6441E754F}"
EndProject
Project("{2150E333-8FDC-42A3-9474-1A3956D46DE8}") = "BuildingBlocks", "BuildingBlocks", "{EC2481E5-03A8-4437-8DB8-6B27190BE2A3}"
EndProject
Project("{2150E333-8FDC-42A3-9474-1A3956D46DE8}") = "Services", "Services", "{AD75ED03-534F-4546-AB0B-511F506DEF88}"
EndProject
Project("{2150E333-8FDC-42A3-9474-1A3956D46DE8}") = "WebApps", "WebApps", "{DCE4312D-CAFC-4067-ABAB-B09249E4B42B}"
EndProject
Project("{9A19103F-16F7-4668-BE54-9A1E7A4F7556}") = "Common.Logging", "src\BuildingBlocks\Common.Logging\Common.Logging.csproj", "{E601D230-5D64-427F-A4FC-3AB177C4C609}"
EndProject
Project("{2150E333-8FDC-42A3-9474-1A3956D46DE8}") = "Product", "Product", "{2909331D-8510-46C3-A690-B8674CB0C74B}"
EndProject
Project("{2150E333-8FDC-42A3-9474-1A3956D46DE8}") = "Customer", "Customer", "{6EE19200-190A-4250-9E48-FFD7D7CFD23B}"
EndProject
Project("{2150E333-8FDC-42A3-9474-1A3956D46DE8}") = "Basket", "Basket", "{A131DE98-4E7F-4F43-8AF4-296042C0E05D}"
EndProject
Project("{2150E333-8FDC-42A3-9474-1A3956D46DE8}") = "Inventory", "Inventory", "{13F3A11D-67F3-42F7-8E27-30364B0E168F}"
EndProject
Project("{2150E333-8FDC-42A3-9474-1A3956D46DE8}") = "Ordering", "Ordering", "{DAE19CE7-6639-497C-BE25-4F60DF30CC4E}"
EndProject
Project("{2150E333-8FDC-42A3-9474-1A3956D46DE8}") = "ScheduledJob", "ScheduledJob", "{673A66D4-703C-480B-A67E-649A4B6D2291}"
EndProject
Project("{9A19103F-16F7-4668-BE54-9A1E7A4F7556}") = "WebHealthStatus", "src\WebApps\WebHealthStatus\WebHealthStatus.csproj", "{F6706C5A-020F-4C33-A368-81E420122D2B}"
EndProject
Project("{9A19103F-16F7-4668-BE54-9A1E7A4F7556}") = "EventBus.Messages", "src\BuildingBlocks\EventBus.Messages\EventBus.Messages.csproj", "{F61D56F5-E2B5-42F7-8F92-1BD5DC22E8D1}"
EndProject
Project("{9A19103F-16F7-4668-BE54-9A1E7A4F7556}") = "Basket.API", "src\Services\Basket.API\Basket.API.csproj", "{19780E7C-AD53-4167-889B-9F4BA6CDFAFA}"
EndProject
Project("{9A19103F-16F7-4668-BE54-9A1E7A4F7556}") = "Customer.API", "src\Services\Customer.API\Customer.API.csproj", "{AC0C0597-3BCA-4C0D-BD9E-4982058E92D2}"
EndProject
Project("{9A19103F-16F7-4668-BE54-9A1E7A4F7556}") = "Inventory.Product.API", "src\Services\Inventory.Product.API\Inventory.Product.API.csproj", "{E0CFD082-70BE-4E27-956B-D8C3B32DD182}"
EndProject
Project("{9A19103F-16F7-4668-BE54-9A1E7A4F7556}") = "Product.API", "src\Services\Product.API\Product.API.csproj", "{17BE49BC-212B-440F-B4A4-CE6C86A4BFA7}"
EndProject
Project("{9A19103F-16F7-4668-BE54-9A1E7A4F7556}") = "Hangfire.API", "src\Services\Hangfire.API\Hangfire.API.csproj", "{1A966BA9-B2CF-4A4E-8752-66DE06DDC20E}"
EndProject
Project("{9A19103F-16F7-4668-BE54-9A1E7A4F7556}") = "Contracts", "src\BuildingBlocks\Contracts\Contracts.csproj", "{79E3D8E5-56A7-4E34-836A-C3163DE2B086}"
EndProject
Project("{9A19103F-16F7-4668-BE54-9A1E7A4F7556}") = "Shared", "src\BuildingBlocks\Shared\Shared.csproj", "{6127877C-78D7-46EF-9EE2-3379D7945724}"
EndProject
Project("{9A19103F-16F7-4668-BE54-9A1E7A4F7556}") = "Infrastructure", "src\BuildingBlocks\Infrastructure\Infrastructure.csproj", "{03D3E57E-F8DE-4AAD-8426-2D7BF3D6C81C}"
EndProject
Project("{9A19103F-16F7-4668-BE54-9A1E7A4F7556}") = "OcelotApiGw", "src\ApiGateways\OcelotApiGw\OcelotApiGw.csproj", "{A51AE746-4B13-4018-B784-AABFD3E1B41F}"
EndProject
Project("{FAE04EC0-301F-11D3-BF4B-00C04F79EFBC}") = "Ordering.Application", "src\Services\Ordering\Ordering.Application\Ordering.Application.csproj", "{A4BFAA26-A142-499C-A0C1-C83BEE14EDA5}"
EndProject
Project("{9A19103F-16F7-4668-BE54-9A1E7A4F7556}") = "Ordering.API", "src\Services\Ordering\Ordering.API\Ordering.API.csproj", "{C60275A8-26EE-49DF-A0EA-A8281330755B}"
EndProject
Project("{FAE04EC0-301F-11D3-BF4B-00C04F79EFBC}") = "Ordering.Domain", "src\Services\Ordering\Ordering.Domain\Ordering.Domain.csproj", "{E6F15EEE-27F9-4453-A532-BF14EFFFD9A0}"
EndProject
Project("{FAE04EC0-301F-11D3-BF4B-00C04F79EFBC}") = "Ordering.Infrastructure", "src\Services\Ordering\Ordering.Infrastructure\Ordering.Infrastructure.csproj", "{174621AE-FBDC-4199-9082-AFED97722FCB}"
EndProject
Global
	GlobalSection(SolutionConfigurationPlatforms) = preSolution
		Debug|Any CPU = Debug|Any CPU
		Release|Any CPU = Release|Any CPU
	EndGlobalSection
	GlobalSection(ProjectConfigurationPlatforms) = postSolution
		{E601D230-5D64-427F-A4FC-3AB177C4C609}.Debug|Any CPU.ActiveCfg = Debug|Any CPU
		{E601D230-5D64-427F-A4FC-3AB177C4C609}.Debug|Any CPU.Build.0 = Debug|Any CPU
		{E601D230-5D64-427F-A4FC-3AB177C4C609}.Release|Any CPU.ActiveCfg = Release|Any CPU
		{E601D230-5D64-427F-A4FC-3AB177C4C609}.Release|Any CPU.Build.0 = Release|Any CPU
		{F6706C5A-020F-4C33-A368-81E420122D2B}.Debug|Any CPU.ActiveCfg = Debug|Any CPU
		{F6706C5A-020F-4C33-A368-81E420122D2B}.Debug|Any CPU.Build.0 = Debug|Any CPU
		{F6706C5A-020F-4C33-A368-81E420122D2B}.Release|Any CPU.ActiveCfg = Release|Any CPU
		{F6706C5A-020F-4C33-A368-81E420122D2B}.Release|Any CPU.Build.0 = Release|Any CPU
		{F61D56F5-E2B5-42F7-8F92-1BD5DC22E8D1}.Debug|Any CPU.ActiveCfg = Debug|Any CPU
		{F61D56F5-E2B5-42F7-8F92-1BD5DC22E8D1}.Debug|Any CPU.Build.0 = Debug|Any CPU
		{F61D56F5-E2B5-42F7-8F92-1BD5DC22E8D1}.Release|Any CPU.ActiveCfg = Release|Any CPU
		{F61D56F5-E2B5-42F7-8F92-1BD5DC22E8D1}.Release|Any CPU.Build.0 = Release|Any CPU
		{19780E7C-AD53-4167-889B-9F4BA6CDFAFA}.Debug|Any CPU.ActiveCfg = Debug|Any CPU
		{19780E7C-AD53-4167-889B-9F4BA6CDFAFA}.Debug|Any CPU.Build.0 = Debug|Any CPU
		{19780E7C-AD53-4167-889B-9F4BA6CDFAFA}.Release|Any CPU.ActiveCfg = Release|Any CPU
		{19780E7C-AD53-4167-889B-9F4BA6CDFAFA}.Release|Any CPU.Build.0 = Release|Any CPU
		{AC0C0597-3BCA-4C0D-BD9E-4982058E92D2}.Debug|Any CPU.ActiveCfg = Debug|Any CPU
		{AC0C0597-3BCA-4C0D-BD9E-4982058E92D2}.Debug|Any CPU.Build.0 = Debug|Any CPU
		{AC0C0597-3BCA-4C0D-BD9E-4982058E92D2}.Release|Any CPU.ActiveCfg = Release|Any CPU
		{AC0C0597-3BCA-4C0D-BD9E-4982058E92D2}.Release|Any CPU.Build.0 = Release|Any CPU
		{E0CFD082-70BE-4E27-956B-D8C3B32DD182}.Debug|Any CPU.ActiveCfg = Debug|Any CPU
		{E0CFD082-70BE-4E27-956B-D8C3B32DD182}.Debug|Any CPU.Build.0 = Debug|Any CPU
		{E0CFD082-70BE-4E27-956B-D8C3B32DD182}.Release|Any CPU.ActiveCfg = Release|Any CPU
		{E0CFD082-70BE-4E27-956B-D8C3B32DD182}.Release|Any CPU.Build.0 = Release|Any CPU
		{17BE49BC-212B-440F-B4A4-CE6C86A4BFA7}.Debug|Any CPU.ActiveCfg = Debug|Any CPU
		{17BE49BC-212B-440F-B4A4-CE6C86A4BFA7}.Debug|Any CPU.Build.0 = Debug|Any CPU
		{17BE49BC-212B-440F-B4A4-CE6C86A4BFA7}.Release|Any CPU.ActiveCfg = Release|Any CPU
		{17BE49BC-212B-440F-B4A4-CE6C86A4BFA7}.Release|Any CPU.Build.0 = Release|Any CPU
		{1A966BA9-B2CF-4A4E-8752-66DE06DDC20E}.Debug|Any CPU.ActiveCfg = Debug|Any CPU
		{1A966BA9-B2CF-4A4E-8752-66DE06DDC20E}.Debug|Any CPU.Build.0 = Debug|Any CPU
		{1A966BA9-B2CF-4A4E-8752-66DE06DDC20E}.Release|Any CPU.ActiveCfg = Release|Any CPU
		{1A966BA9-B2CF-4A4E-8752-66DE06DDC20E}.Release|Any CPU.Build.0 = Release|Any CPU
		{79E3D8E5-56A7-4E34-836A-C3163DE2B086}.Debug|Any CPU.ActiveCfg = Debug|Any CPU
		{79E3D8E5-56A7-4E34-836A-C3163DE2B086}.Debug|Any CPU.Build.0 = Debug|Any CPU
		{79E3D8E5-56A7-4E34-836A-C3163DE2B086}.Release|Any CPU.ActiveCfg = Release|Any CPU
		{79E3D8E5-56A7-4E34-836A-C3163DE2B086}.Release|Any CPU.Build.0 = Release|Any CPU
		{6127877C-78D7-46EF-9EE2-3379D7945724}.Debug|Any CPU.ActiveCfg = Debug|Any CPU
		{6127877C-78D7-46EF-9EE2-3379D7945724}.Debug|Any CPU.Build.0 = Debug|Any CPU
		{6127877C-78D7-46EF-9EE2-3379D7945724}.Release|Any CPU.ActiveCfg = Release|Any CPU
		{6127877C-78D7-46EF-9EE2-3379D7945724}.Release|Any CPU.Build.0 = Release|Any CPU
		{03D3E57E-F8DE-4AAD-8426-2D7BF3D6C81C}.Debug|Any CPU.ActiveCfg = Debug|Any CPU
		{03D3E57E-F8DE-4AAD-8426-2D7BF3D6C81C}.Debug|Any CPU.Build.0 = Debug|Any CPU
		{03D3E57E-F8DE-4AAD-8426-2D7BF3D6C81C}.Release|Any CPU.ActiveCfg = Release|Any CPU
		{03D3E57E-F8DE-4AAD-8426-2D7BF3D6C81C}.Release|Any CPU.Build.0 = Release|Any CPU
		{A51AE746-4B13-4018-B784-AABFD3E1B41F}.Debug|Any CPU.ActiveCfg = Debug|Any CPU
		{A51AE746-4B13-4018-B784-AABFD3E1B41F}.Debug|Any CPU.Build.0 = Debug|Any CPU
		{A51AE746-4B13-4018-B784-AABFD3E1B41F}.Release|Any CPU.ActiveCfg = Release|Any CPU
		{A51AE746-4B13-4018-B784-AABFD3E1B41F}.Release|Any CPU.Build.0 = Release|Any CPU
		{A4BFAA26-A142-499C-A0C1-C83BEE14EDA5}.Debug|Any CPU.ActiveCfg = Debug|Any CPU
		{A4BFAA26-A142-499C-A0C1-C83BEE14EDA5}.Debug|Any CPU.Build.0 = Debug|Any CPU
		{A4BFAA26-A142-499C-A0C1-C83BEE14EDA5}.Release|Any CPU.ActiveCfg = Release|Any CPU
		{A4BFAA26-A142-499C-A0C1-C83BEE14EDA5}.Release|Any CPU.Build.0 = Release|Any CPU
		{C60275A8-26EE-49DF-A0EA-A8281330755B}.Debug|Any CPU.ActiveCfg = Debug|Any CPU
		{C60275A8-26EE-49DF-A0EA-A8281330755B}.Debug|Any CPU.Build.0 = Debug|Any CPU
		{C60275A8-26EE-49DF-A0EA-A8281330755B}.Release|Any CPU.ActiveCfg = Release|Any CPU
		{C60275A8-26EE-49DF-A0EA-A8281330755B}.Release|Any CPU.Build.0 = Release|Any CPU
		{E6F15EEE-27F9-4453-A532-BF14EFFFD9A0}.Debug|Any CPU.ActiveCfg = Debug|Any CPU
		{E6F15EEE-27F9-4453-A532-BF14EFFFD9A0}.Debug|Any CPU.Build.0 = Debug|Any CPU
		{E6F15EEE-27F9-4453-A532-BF14EFFFD9A0}.Release|Any CPU.ActiveCfg = Release|Any CPU
		{E6F15EEE-27F9-4453-A532-BF14EFFFD9A0}.Release|Any CPU.Build.0 = Release|Any CPU
		{174621AE-FBDC-4199-9082-AFED97722FCB}.Debug|Any CPU.ActiveCfg = Debug|Any CPU
		{174621AE-FBDC-4199-9082-AFED97722FCB}.Debug|Any CPU.Build.0 = Debug|Any CPU
		{174621AE-FBDC-4199-9082-AFED97722FCB}.Release|Any CPU.ActiveCfg = Release|Any CPU
		{174621AE-FBDC-4199-9082-AFED97722FCB}.Release|Any CPU.Build.0 = Release|Any CPU
	EndGlobalSection
	GlobalSection(SolutionProperties) = preSolution
		HideSolutionNode = FALSE
	EndGlobalSection
	GlobalSection(NestedProjects) = preSolution
		{48F1DCAF-BDC0-4471-B12B-6AA6441E754F} = {0A6F3E27-90C9-412C-836D-6E60B63AAE6C}
		{EC2481E5-03A8-4437-8DB8-6B27190BE2A3} = {0A6F3E27-90C9-412C-836D-6E60B63AAE6C}
		{AD75ED03-534F-4546-AB0B-511F506DEF88} = {0A6F3E27-90C9-412C-836D-6E60B63AAE6C}
		{DCE4312D-CAFC-4067-ABAB-B09249E4B42B} = {0A6F3E27-90C9-412C-836D-6E60B63AAE6C}
		{E601D230-5D64-427F-A4FC-3AB177C4C609} = {EC2481E5-03A8-4437-8DB8-6B27190BE2A3}
		{2909331D-8510-46C3-A690-B8674CB0C74B} = {AD75ED03-534F-4546-AB0B-511F506DEF88}
		{6EE19200-190A-4250-9E48-FFD7D7CFD23B} = {AD75ED03-534F-4546-AB0B-511F506DEF88}
		{A131DE98-4E7F-4F43-8AF4-296042C0E05D} = {AD75ED03-534F-4546-AB0B-511F506DEF88}
		{13F3A11D-67F3-42F7-8E27-30364B0E168F} = {AD75ED03-534F-4546-AB0B-511F506DEF88}
		{DAE19CE7-6639-497C-BE25-4F60DF30CC4E} = {AD75ED03-534F-4546-AB0B-511F506DEF88}
		{673A66D4-703C-480B-A67E-649A4B6D2291} = {AD75ED03-534F-4546-AB0B-511F506DEF88}
		{F6706C5A-020F-4C33-A368-81E420122D2B} = {DCE4312D-CAFC-4067-ABAB-B09249E4B42B}
		{F61D56F5-E2B5-42F7-8F92-1BD5DC22E8D1} = {EC2481E5-03A8-4437-8DB8-6B27190BE2A3}
		{19780E7C-AD53-4167-889B-9F4BA6CDFAFA} = {A131DE98-4E7F-4F43-8AF4-296042C0E05D}
		{AC0C0597-3BCA-4C0D-BD9E-4982058E92D2} = {6EE19200-190A-4250-9E48-FFD7D7CFD23B}
		{E0CFD082-70BE-4E27-956B-D8C3B32DD182} = {13F3A11D-67F3-42F7-8E27-30364B0E168F}
		{17BE49BC-212B-440F-B4A4-CE6C86A4BFA7} = {2909331D-8510-46C3-A690-B8674CB0C74B}
		{1A966BA9-B2CF-4A4E-8752-66DE06DDC20E} = {673A66D4-703C-480B-A67E-649A4B6D2291}
		{79E3D8E5-56A7-4E34-836A-C3163DE2B086} = {EC2481E5-03A8-4437-8DB8-6B27190BE2A3}
		{6127877C-78D7-46EF-9EE2-3379D7945724} = {EC2481E5-03A8-4437-8DB8-6B27190BE2A3}
		{03D3E57E-F8DE-4AAD-8426-2D7BF3D6C81C} = {EC2481E5-03A8-4437-8DB8-6B27190BE2A3}
		{A51AE746-4B13-4018-B784-AABFD3E1B41F} = {48F1DCAF-BDC0-4471-B12B-6AA6441E754F}
		{A4BFAA26-A142-499C-A0C1-C83BEE14EDA5} = {DAE19CE7-6639-497C-BE25-4F60DF30CC4E}
		{C60275A8-26EE-49DF-A0EA-A8281330755B} = {DAE19CE7-6639-497C-BE25-4F60DF30CC4E}
		{E6F15EEE-27F9-4453-A532-BF14EFFFD9A0} = {DAE19CE7-6639-497C-BE25-4F60DF30CC4E}
		{174621AE-FBDC-4199-9082-AFED97722FCB} = {DAE19CE7-6639-497C-BE25-4F60DF30CC4E}
	EndGlobalSection
	GlobalSection(ExtensibilityGlobals) = postSolution
		SolutionGuid = {F11CB226-A951-407A-B003-FDD7188E9F4C}
	EndGlobalSection
EndGlobal
